
Microsoft Visual Studio Solution File, Format Version 12.00
# Visual Studio 15
VisualStudioVersion = 15.0.27703.2047
MinimumVisualStudioVersion = 10.0.40219.1
Project("{FAE04EC0-301F-11D3-BF4B-00C04F79EFBC}") = "Cryptography", "AesAlgorithm\Cryptography.csproj", "{6DD5332D-938A-4DE9-8E52-6CB0E0F2B459}"
EndProject
Project("{FAE04EC0-301F-11D3-BF4B-00C04F79EFBC}") = "AesAlgorithmTest", "AesAlgorithmTest\AesAlgorithmTest.csproj", "{46B3D7E0-2807-4EBD-9265-4312F8DD59BC}"
EndProject
Project("{FAE04EC0-301F-11D3-BF4B-00C04F79EFBC}") = "WpfGui", "WpfGui\WpfGui.csproj", "{56652556-33DC-47AD-B8CC-AA156C6F21E9}"
EndProject
Global
	GlobalSection(SolutionConfigurationPlatforms) = preSolution
		Debug|Any CPU = Debug|Any CPU
		Release|Any CPU = Release|Any CPU
	EndGlobalSection
	GlobalSection(ProjectConfigurationPlatforms) = postSolution
		{6DD5332D-938A-4DE9-8E52-6CB0E0F2B459}.Debug|Any CPU.ActiveCfg = Debug|Any CPU
		{6DD5332D-938A-4DE9-8E52-6CB0E0F2B459}.Debug|Any CPU.Build.0 = Debug|Any CPU
		{6DD5332D-938A-4DE9-8E52-6CB0E0F2B459}.Release|Any CPU.ActiveCfg = Release|Any CPU
		{6DD5332D-938A-4DE9-8E52-6CB0E0F2B459}.Release|Any CPU.Build.0 = Release|Any CPU
		{46B3D7E0-2807-4EBD-9265-4312F8DD59BC}.Debug|Any CPU.ActiveCfg = Debug|Any CPU
		{46B3D7E0-2807-4EBD-9265-4312F8DD59BC}.Debug|Any CPU.Build.0 = Debug|Any CPU
		{46B3D7E0-2807-4EBD-9265-4312F8DD59BC}.Release|Any CPU.ActiveCfg = Release|Any CPU
		{46B3D7E0-2807-4EBD-9265-4312F8DD59BC}.Release|Any CPU.Build.0 = Release|Any CPU
		{56652556-33DC-47AD-B8CC-AA156C6F21E9}.Debug|Any CPU.ActiveCfg = Debug|Any CPU
		{56652556-33DC-47AD-B8CC-AA156C6F21E9}.Debug|Any CPU.Build.0 = Debug|Any CPU
		{56652556-33DC-47AD-B8CC-AA156C6F21E9}.Release|Any CPU.ActiveCfg = Release|Any CPU
		{56652556-33DC-47AD-B8CC-AA156C6F21E9}.Release|Any CPU.Build.0 = Release|Any CPU
	EndGlobalSection
	GlobalSection(SolutionProperties) = preSolution
		HideSolutionNode = FALSE
	EndGlobalSection
	GlobalSection(ExtensibilityGlobals) = postSolution
		SolutionGuid = {C58D5A93-2FC9-4214-AE15-F2DA2DD09693}
	EndGlobalSection
EndGlobal
